<?xml version="1.0" encoding="utf-8"?>
<Project ToolsVersion="4.0" xmlns="http://schemas.microsoft.com/developer/msbuild/2003">
  <ItemGroup>
    <Filter Include="Fichiers sources">
      <UniqueIdentifier>{4FC737F1-C7A5-4376-A066-2A32D752A2FF}</UniqueIdentifier>
      <Extensions>cpp;c;cc;cxx;def;odl;idl;hpj;bat;asm;asmx</Extensions>
    </Filter>
    <Filter Include="Fichiers d%27en-tête">
      <UniqueIdentifier>{93995380-89BD-4b04-88EB-625FBE52EBFB}</UniqueIdentifier>
      <Extensions>h;hh;hpp;hxx;hm;inl;inc;xsd</Extensions>
    </Filter>
    <Filter Include="Fichiers de ressources">
      <UniqueIdentifier>{67DA6AB6-F800-4c08-8B7A-83BB121AAD01}</UniqueIdentifier>
      <Extensions>rc;ico;cur;bmp;dlg;rc2;rct;bin;rgs;gif;jpg;jpeg;jpe;resx;tiff;tif;png;wav;mfcribbon-ms</Extensions>
    </Filter>
    <Filter Include="Fichiers d%27en-tête\Engine">
      <UniqueIdentifier>{a0e2dc85-6bd6-4062-9a4f-629973872fa2}</UniqueIdentifier>
    </Filter>
    <Filter Include="Fichiers d%27en-tête\Engine\Maths">
      <UniqueIdentifier>{fbd75317-da2e-471f-bb02-04a6f7b6d3bb}</UniqueIdentifier>
    </Filter>
    <Filter Include="Fichiers d%27en-tête\Engine\Maths\Impl">
      <UniqueIdentifier>{4d2fdf4e-3c30-46f1-ba90-59f55c019f0f}</UniqueIdentifier>
    </Filter>
    <Filter Include="Fichiers d%27en-tête\Engine\Rendering">
      <UniqueIdentifier>{317c571f-6a05-44db-8321-ce8cba485429}</UniqueIdentifier>
    </Filter>
    <Filter Include="Fichiers d%27en-tête\Engine\Platform">
      <UniqueIdentifier>{f0e34db1-5ee6-4515-af84-6621006c4888}</UniqueIdentifier>
    </Filter>
    <Filter Include="Fichiers d%27en-tête\Engine\Platform\Time">
      <UniqueIdentifier>{13c98e07-43f3-45e0-b4da-ae4b6977e8f6}</UniqueIdentifier>
    </Filter>
    <Filter Include="Fichiers d%27en-tête\Engine\Platform\Window">
      <UniqueIdentifier>{18c93bbb-aeff-40aa-95ef-2d500e6b196b}</UniqueIdentifier>
    </Filter>
    <Filter Include="Fichiers sources\Engine">
      <UniqueIdentifier>{685d17f8-79e7-4484-becc-53d16efb0663}</UniqueIdentifier>
    </Filter>
    <Filter Include="Fichiers sources\Engine\Rendering">
      <UniqueIdentifier>{583fd3c2-9b64-4f8c-8cca-1a2d8ba4cf50}</UniqueIdentifier>
    </Filter>
    <Filter Include="Fichiers sources\Engine\Platform">
      <UniqueIdentifier>{4db74a64-9389-4835-ac29-7798b5ee6c1f}</UniqueIdentifier>
    </Filter>
    <Filter Include="Fichiers sources\Engine\Platform\Time">
      <UniqueIdentifier>{43560920-00d8-4029-8b52-1d2510b75f4a}</UniqueIdentifier>
    </Filter>
    <Filter Include="Fichiers sources\Engine\Platform\Window">
      <UniqueIdentifier>{2d9097da-b3c7-4646-9f4d-ef1960e0512a}</UniqueIdentifier>
    </Filter>
    <Filter Include="Fichiers d%27en-tête\Engine\Platform\Window\Impl">
      <UniqueIdentifier>{dd5d69cf-b2bc-4e33-8656-b4a7e9937e0f}</UniqueIdentifier>
    </Filter>
    <Filter Include="Fichiers d%27en-tête\Engine\AI">
      <UniqueIdentifier>{20ecf41b-60ad-4a78-a507-a1343f1b70a5}</UniqueIdentifier>
    </Filter>
    <Filter Include="Fichiers sources\Engine\AI">
      <UniqueIdentifier>{003a5d07-125e-4c47-a319-f5e899e27a04}</UniqueIdentifier>
    </Filter>
    <Filter Include="Fichiers d%27en-tête\Engine\AI\State">
      <UniqueIdentifier>{4edeae74-6f84-4d99-8bdd-5816973a1d9a}</UniqueIdentifier>
    </Filter>
    <Filter Include="Fichiers d%27en-tête\Engine\AI\Navigation">
      <UniqueIdentifier>{38e56515-856d-4cc5-8284-7c90668cc271}</UniqueIdentifier>
    </Filter>
    <Filter Include="Fichiers sources\Engine\AI\State">
      <UniqueIdentifier>{56ab3b98-3466-42fe-91b3-ea3268ab1c2e}</UniqueIdentifier>
    </Filter>
  </ItemGroup>
  <ItemGroup>
    <ClInclude Include="Header\Engine\Maths\Vector2.hpp">
      <Filter>Fichiers d%27en-tête\Engine\Maths</Filter>
    </ClInclude>
    <ClInclude Include="Header\Engine\Maths\Vector3.hpp">
      <Filter>Fichiers d%27en-tête\Engine\Maths</Filter>
    </ClInclude>
    <ClInclude Include="Header\Engine\Platform\Time\Timer.hpp">
      <Filter>Fichiers d%27en-tête\Engine\Platform\Time</Filter>
    </ClInclude>
    <ClInclude Include="Header\Engine\Platform\Window\Window.hpp">
      <Filter>Fichiers d%27en-tête\Engine\Platform\Window</Filter>
    </ClInclude>
    <ClInclude Include="Header\Engine\Rendering\RenderingEngine.hpp">
      <Filter>Fichiers d%27en-tête\Engine\Rendering</Filter>
    </ClInclude>
    <ClInclude Include="Header\Engine\GameEngine.hpp">
      <Filter>Fichiers d%27en-tête\Engine</Filter>
    </ClInclude>
  </ItemGroup>
  <ItemGroup>
    <None Include="Header\Engine\Maths\Impl\Vector2.inl">
      <Filter>Fichiers d%27en-tête\Engine\Maths\Impl</Filter>
    </None>
    <None Include="Header\Engine\Maths\Impl\Vector3.inl">
      <Filter>Fichiers d%27en-tête\Engine\Maths\Impl</Filter>
    </None>
    <None Include="Header\Engine\Platform\Window\Impl\Window.inl">
      <Filter>Fichiers d%27en-tête\Engine\Platform\Window\Impl</Filter>
    </None>
  </ItemGroup>
  <ItemGroup>
    <ClCompile Include="Source\Engine\Platform\Time\Timer.cpp">
      <Filter>Fichiers sources\Engine\Platform\Time</Filter>
    </ClCompile>
    <ClCompile Include="Source\Engine\Platform\Window\Window.cpp">
      <Filter>Fichiers sources\Engine\Platform\Window</Filter>
    </ClCompile>
    <ClCompile Include="Source\Engine\Rendering\RenderingEngine.cpp">
      <Filter>Fichiers sources\Engine\Rendering</Filter>
    </ClCompile>
    <ClCompile Include="Source\Engine\GameEngine.cpp">
      <Filter>Fichiers sources\Engine</Filter>
    </ClCompile>
    <ClCompile Include="Source\Main.cpp">
      <Filter>Fichiers sources</Filter>
    </ClCompile>
  </ItemGroup>
</Project>