<?xml version="1.0" encoding="utf-8"?>
<Project ToolsVersion="4.0" xmlns="http://schemas.microsoft.com/developer/msbuild/2003">
  <ItemGroup>
    <Filter Include="Fichiers sources">
      <UniqueIdentifier>{4FC737F1-C7A5-4376-A066-2A32D752A2FF}</UniqueIdentifier>
      <Extensions>cpp;c;cc;cxx;def;odl;idl;hpj;bat;asm;asmx</Extensions>
    </Filter>
    <Filter Include="Fichiers d%27en-tête">
      <UniqueIdentifier>{93995380-89BD-4b04-88EB-625FBE52EBFB}</UniqueIdentifier>
      <Extensions>h;hh;hpp;hxx;hm;inl;inc;xsd</Extensions>
    </Filter>
    <Filter Include="Fichiers de ressources">
      <UniqueIdentifier>{67DA6AB6-F800-4c08-8B7A-83BB121AAD01}</UniqueIdentifier>
      <Extensions>rc;ico;cur;bmp;dlg;rc2;rct;bin;rgs;gif;jpg;jpeg;jpe;resx;tiff;tif;png;wav;mfcribbon-ms</Extensions>
    </Filter>
    <Filter Include="Fichiers d%27en-tête\TheWetness">
      <UniqueIdentifier>{a683fc7e-d310-4528-894a-62c1abf8b324}</UniqueIdentifier>
    </Filter>
    <Filter Include="Fichiers sources\TheWetness">
      <UniqueIdentifier>{047a908f-9166-4a7b-b308-b4ea75a3f960}</UniqueIdentifier>
    </Filter>
    <Filter Include="Fichiers d%27en-tête\Engine">
      <UniqueIdentifier>{096abbd7-7ccb-4c12-9c28-ddda46c70f92}</UniqueIdentifier>
    </Filter>
    <Filter Include="Fichiers sources\Engine">
      <UniqueIdentifier>{a9d33186-71b2-4f00-b102-84390fa9f861}</UniqueIdentifier>
    </Filter>
    <Filter Include="Fichiers d%27en-tête\Test">
      <UniqueIdentifier>{db8e0852-02a9-43be-a6f3-6e6eeca47763}</UniqueIdentifier>
    </Filter>
    <Filter Include="Fichiers sources\Test">
      <UniqueIdentifier>{3d68be06-ffce-4c79-9a31-c190bcf6eb8f}</UniqueIdentifier>
    </Filter>
    <Filter Include="Fichiers d%27en-tête\GUI">
      <UniqueIdentifier>{74a62f5f-afb1-4fef-a40e-11093f398002}</UniqueIdentifier>
    </Filter>
    <Filter Include="Fichiers sources\GUI">
      <UniqueIdentifier>{eac1aeab-f0da-4618-9663-e117c2551c4a}</UniqueIdentifier>
    </Filter>
  </ItemGroup>
  <ItemGroup>
    <Text Include="ReadMe.txt" />
  </ItemGroup>
  <ItemGroup>
    <ClInclude Include="ConformityEvaluator.hpp">
      <Filter>Fichiers d%27en-tête\TheWetness</Filter>
    </ClInclude>
    <ClInclude Include="FitnessEvaluator.hpp">
      <Filter>Fichiers d%27en-tête\TheWetness</Filter>
    </ClInclude>
    <ClInclude Include="GA_Algorithms.hpp">
      <Filter>Fichiers d%27en-tête\TheWetness</Filter>
    </ClInclude>
    <ClInclude Include="Grid.hpp">
      <Filter>Fichiers d%27en-tête\TheWetness</Filter>
    </ClInclude>
    <ClInclude Include="GridDecoder.hpp">
      <Filter>Fichiers d%27en-tête\TheWetness</Filter>
    </ClInclude>
    <ClInclude Include="GridEncoder.hpp">
      <Filter>Fichiers d%27en-tête\TheWetness</Filter>
    </ClInclude>
    <ClInclude Include="Window.hpp">
      <Filter>Fichiers d%27en-tête\Engine</Filter>
    </ClInclude>
    <ClInclude Include="PuzzleGenerator.hpp">
      <Filter>Fichiers d%27en-tête\TheWetness</Filter>
    </ClInclude>
    <ClInclude Include="Timer.hpp">
      <Filter>Fichiers d%27en-tête\Engine</Filter>
    </ClInclude>
    <ClInclude Include="Engine.hpp">
      <Filter>Fichiers d%27en-tête\Engine</Filter>
    </ClInclude>
    <ClInclude Include="Test.hpp">
      <Filter>Fichiers d%27en-tête\Test</Filter>
    </ClInclude>
    <ClInclude Include="MainMenu.hpp">
      <Filter>Fichiers d%27en-tête\GUI</Filter>
    </ClInclude>
    <ClInclude Include="GridDisplayer.hpp">
      <Filter>Fichiers d%27en-tête\Test</Filter>
    </ClInclude>
    <ClInclude Include="DifficultyAnalyzer.hpp">
      <Filter>Fichiers d%27en-tête</Filter>
    </ClInclude>
    <ClInclude Include="DifficultyManager.h">
      <Filter>Fichiers d%27en-tête</Filter>
    </ClInclude>
    <ClInclude Include="Graph.hpp">
      <Filter>Fichiers d%27en-tête</Filter>
    </ClInclude>
    <ClInclude Include="Node.hpp">
      <Filter>Fichiers d%27en-tête</Filter>
    </ClInclude>
    <ClInclude Include="Pathfinding\Coordinate.hpp">
      <Filter>Fichiers d%27en-tête</Filter>
    </ClInclude>
    <ClInclude Include="Pathfinding\Grid.hpp">
      <Filter>Fichiers d%27en-tête</Filter>
    </ClInclude>
    <ClInclude Include="Pathfinding\Node.hpp">
      <Filter>Fichiers d%27en-tête</Filter>
    </ClInclude>
    <ClInclude Include="Pathfinding\Pathfinding.hpp">
      <Filter>Fichiers d%27en-tête</Filter>
    </ClInclude>
    <ClInclude Include="Pathfinding\TieHelper.hpp">
      <Filter>Fichiers d%27en-tête</Filter>
    </ClInclude>
  </ItemGroup>
  <ItemGroup>
    <ClCompile Include="TheWetness.cpp">
      <Filter>Fichiers sources</Filter>
    </ClCompile>
    <ClCompile Include="ConformityEvaluator.cpp">
      <Filter>Fichiers sources\TheWetness</Filter>
    </ClCompile>
    <ClCompile Include="FitnessEvaluator.cpp">
      <Filter>Fichiers sources\TheWetness</Filter>
    </ClCompile>
    <ClCompile Include="GA_Algorithms.cpp">
      <Filter>Fichiers sources\TheWetness</Filter>
    </ClCompile>
    <ClCompile Include="Grid.cpp">
      <Filter>Fichiers sources\TheWetness</Filter>
    </ClCompile>
    <ClCompile Include="GridDecoder.cpp">
      <Filter>Fichiers sources\TheWetness</Filter>
    </ClCompile>
    <ClCompile Include="GridEncoder.cpp">
      <Filter>Fichiers sources\TheWetness</Filter>
    </ClCompile>
    <ClCompile Include="Window.cpp">
      <Filter>Fichiers sources\Engine</Filter>
    </ClCompile>
    <ClCompile Include="PuzzleGenerator.cpp">
      <Filter>Fichiers sources\TheWetness</Filter>
    </ClCompile>
    <ClCompile Include="Timer.cpp">
      <Filter>Fichiers sources\Engine</Filter>
    </ClCompile>
    <ClCompile Include="Engine.cpp">
      <Filter>Fichiers sources\Engine</Filter>
    </ClCompile>
    <ClCompile Include="Test.cpp">
      <Filter>Fichiers sources\Test</Filter>
    </ClCompile>
    <ClCompile Include="MainMenu.cpp">
      <Filter>Fichiers sources\GUI</Filter>
    </ClCompile>
    <ClCompile Include="GridDisplayer.cpp">
      <Filter>Fichiers sources\Test</Filter>
    </ClCompile>
    <ClCompile Include="DifficultyManager.cpp">
      <Filter>Fichiers sources</Filter>
    </ClCompile>
  </ItemGroup>
  <ItemGroup>
    <None Include="Pathfinding\Grid.inl">
      <Filter>Fichiers d%27en-tête</Filter>
    </None>
  </ItemGroup>
</Project>